
Microsoft Visual Studio Solution File, Format Version 12.00
# Visual Studio 15
VisualStudioVersion = 15.0.28307.1000
MinimumVisualStudioVersion = 10.0.40219.1
Project("{8BC9CEB8-8B4A-11D0-8D11-00A0C91BC942}") = "test_vs_git", "test_vs_git\test_vs_git.vcxproj", "{C40C5815-C7AE-4A02-AE32-D81D9C57D3E5}"
EndProject
Global
	GlobalSection(SolutionConfigurationPlatforms) = preSolution
		Debug|x64 = Debug|x64
		Debug|x86 = Debug|x86
		Release|x64 = Release|x64
		Release|x86 = Release|x86
	EndGlobalSection
	GlobalSection(ProjectConfigurationPlatforms) = postSolution
		{C40C5815-C7AE-4A02-AE32-D81D9C57D3E5}.Debug|x64.ActiveCfg = Debug|x64
		{C40C5815-C7AE-4A02-AE32-D81D9C57D3E5}.Debug|x64.Build.0 = Debug|x64
		{C40C5815-C7AE-4A02-AE32-D81D9C57D3E5}.Debug|x86.ActiveCfg = Debug|Win32
		{C40C5815-C7AE-4A02-AE32-D81D9C57D3E5}.Debug|x86.Build.0 = Debug|Win32
		{C40C5815-C7AE-4A02-AE32-D81D9C57D3E5}.Release|x64.ActiveCfg = Release|x64
		{C40C5815-C7AE-4A02-AE32-D81D9C57D3E5}.Release|x64.Build.0 = Release|x64
		{C40C5815-C7AE-4A02-AE32-D81D9C57D3E5}.Release|x86.ActiveCfg = Release|Win32
		{C40C5815-C7AE-4A02-AE32-D81D9C57D3E5}.Release|x86.Build.0 = Release|Win32
	EndGlobalSection
	GlobalSection(SolutionProperties) = preSolution
		HideSolutionNode = FALSE
	EndGlobalSection
	GlobalSection(ExtensibilityGlobals) = postSolution
		SolutionGuid = {8AF30410-313E-46DD-9BEE-B59A32B877F9}
	EndGlobalSection
EndGlobal
